// !$*UTF8*$!
{
	archiveVersion = 1;
	classes = {
	};
	objectVersion = 46;
	objects = {

/* Begin PBXBuildFile section */
		3639714B1C64018B00322A6B /* AppDelegate.swift in Sources */ = {isa = PBXBuildFile; fileRef = 3639714A1C64018B00322A6B /* AppDelegate.swift */; };
		3639714D1C64018B00322A6B /* ViewController.swift in Sources */ = {isa = PBXBuildFile; fileRef = 3639714C1C64018B00322A6B /* ViewController.swift */; };
		363971501C64018B00322A6B /* Main.storyboard in Resources */ = {isa = PBXBuildFile; fileRef = 3639714E1C64018B00322A6B /* Main.storyboard */; };
		363971521C64018B00322A6B /* Assets.xcassets in Resources */ = {isa = PBXBuildFile; fileRef = 363971511C64018B00322A6B /* Assets.xcassets */; };
		363971551C64018B00322A6B /* LaunchScreen.storyboard in Resources */ = {isa = PBXBuildFile; fileRef = 363971531C64018B00322A6B /* LaunchScreen.storyboard */; };
		363971601C64018B00322A6B /* CalculatorTests.swift in Sources */ = {isa = PBXBuildFile; fileRef = 3639715F1C64018B00322A6B /* CalculatorTests.swift */; };
		3639716B1C64018B00322A6B /* CalculatorUITests.swift in Sources */ = {isa = PBXBuildFile; fileRef = 3639716A1C64018B00322A6B /* CalculatorUITests.swift */; };
/* End PBXBuildFile section */

/* Begin PBXContainerItemProxy section */
		3639715C1C64018B00322A6B /* PBXContainerItemProxy */ = {
			isa = PBXContainerItemProxy;
			containerPortal = 3639713F1C64018B00322A6B /* Project object */;
			proxyType = 1;
			remoteGlobalIDString = 363971461C64018B00322A6B;
			remoteInfo = Calculator;
		};
		363971671C64018B00322A6B /* PBXContainerItemProxy */ = {
			isa = PBXContainerItemProxy;
			containerPortal = 3639713F1C64018B00322A6B /* Project object */;
			proxyType = 1;
			remoteGlobalIDString = 363971461C64018B00322A6B;
			remoteInfo = Calculator;
		};
/* End PBXContainerItemProxy section */

/* Begin PBXFileReference section */
		363971471C64018B00322A6B /* Calculator.app */ = {isa = PBXFileReference; explicitFileType = wrapper.application; includeInIndex = 0; path = Calculator.app; sourceTree = BUILT_PRODUCTS_DIR; };
		3639714A1C64018B00322A6B /* AppDelegate.swift */ = {isa = PBXFileReference; lastKnownFileType = sourcecode.swift; path = AppDelegate.swift; sourceTree = "<group>"; };
		3639714C1C64018B00322A6B /* ViewController.swift */ = {isa = PBXFileReference; lastKnownFileType = sourcecode.swift; path = ViewController.swift; sourceTree = "<group>"; };
		3639714F1C64018B00322A6B /* Base */ = {isa = PBXFileReference; lastKnownFileType = file.storyboard; name = Base; path = Base.lproj/Main.storyboard; sourceTree = "<group>"; };
		363971511C64018B00322A6B /* Assets.xcassets */ = {isa = PBXFileReference; lastKnownFileType = folder.assetcatalog; path = Assets.xcassets; sourceTree = "<group>"; };
		363971541C64018B00322A6B /* Base */ = {isa = PBXFileReference; lastKnownFileType = file.storyboard; name = Base; path = Base.lproj/LaunchScreen.storyboard; sourceTree = "<group>"; };
		363971561C64018B00322A6B /* Info.plist */ = {isa = PBXFileReference; lastKnownFileType = text.plist.xml; path = Info.plist; sourceTree = "<group>"; };
		3639715B1C64018B00322A6B /* CalculatorTests.xctest */ = {isa = PBXFileReference; explicitFileType = wrapper.cfbundle; includeInIndex = 0; path = CalculatorTests.xctest; sourceTree = BUILT_PRODUCTS_DIR; };
		3639715F1C64018B00322A6B /* CalculatorTests.swift */ = {isa = PBXFileReference; lastKnownFileType = sourcecode.swift; path = CalculatorTests.swift; sourceTree = "<group>"; };
		363971611C64018B00322A6B /* Info.plist */ = {isa = PBXFileReference; lastKnownFileType = text.plist.xml; path = Info.plist; sourceTree = "<group>"; };
		363971661C64018B00322A6B /* CalculatorUITests.xctest */ = {isa = PBXFileReference; explicitFileType = wrapper.cfbundle; includeInIndex = 0; path = CalculatorUITests.xctest; sourceTree = BUILT_PRODUCTS_DIR; };
		3639716A1C64018B00322A6B /* CalculatorUITests.swift */ = {isa = PBXFileReference; lastKnownFileType = sourcecode.swift; path = CalculatorUITests.swift; sourceTree = "<group>"; };
		3639716C1C64018B00322A6B /* Info.plist */ = {isa = PBXFileReference; lastKnownFileType = text.plist.xml; path = Info.plist; sourceTree = "<group>"; };
/* End PBXFileReference section */

/* Begin PBXFrameworksBuildPhase section */
		363971441C64018B00322A6B /* Frameworks */ = {
			isa = PBXFrameworksBuildPhase;
			buildActionMask = 2147483647;
			files = (
			);
			runOnlyForDeploymentPostprocessing = 0;
		};
		363971581C64018B00322A6B /* Frameworks */ = {
			isa = PBXFrameworksBuildPhase;
			buildActionMask = 2147483647;
			files = (
			);
			runOnlyForDeploymentPostprocessing = 0;
		};
		363971631C64018B00322A6B /* Frameworks */ = {
			isa = PBXFrameworksBuildPhase;
			buildActionMask = 2147483647;
			files = (
			);
			runOnlyForDeploymentPostprocessing = 0;
		};
/* End PBXFrameworksBuildPhase section */

/* Begin PBXGroup section */
		3639713E1C64018B00322A6B = {
			isa = PBXGroup;
			children = (
				363971491C64018B00322A6B /* Calculator */,
				3639715E1C64018B00322A6B /* CalculatorTests */,
				363971691C64018B00322A6B /* CalculatorUITests */,
				363971481C64018B00322A6B /* Products */,
			);
			sourceTree = "<group>";
		};
		363971481C64018B00322A6B /* Products */ = {
			isa = PBXGroup;
			children = (
				363971471C64018B00322A6B /* Calculator.app */,
				3639715B1C64018B00322A6B /* CalculatorTests.xctest */,
				363971661C64018B00322A6B /* CalculatorUITests.xctest */,
			);
			name = Products;
			sourceTree = "<group>";
		};
		363971491C64018B00322A6B /* Calculator */ = {
			isa = PBXGroup;
			children = (
				3639714A1C64018B00322A6B /* AppDelegate.swift */,
				3639714C1C64018B00322A6B /* ViewController.swift */,
				3639714E1C64018B00322A6B /* Main.storyboard */,
				363971511C64018B00322A6B /* Assets.xcassets */,
				363971531C64018B00322A6B /* LaunchScreen.storyboard */,
				363971561C64018B00322A6B /* Info.plist */,
			);
			path = Calculator;
			sourceTree = "<group>";
		};
		3639715E1C64018B00322A6B /* CalculatorTests */ = {
			isa = PBXGroup;
			children = (
				3639715F1C64018B00322A6B /* CalculatorTests.swift */,
				363971611C64018B00322A6B /* Info.plist */,
			);
			path = CalculatorTests;
			sourceTree = "<group>";
		};
		363971691C64018B00322A6B /* CalculatorUITests */ = {
			isa = PBXGroup;
			children = (
				3639716A1C64018B00322A6B /* CalculatorUITests.swift */,
				3639716C1C64018B00322A6B /* Info.plist */,
			);
			path = CalculatorUITests;
			sourceTree = "<group>";
		};
/* End PBXGroup section */

/* Begin PBXNativeTarget section */
		363971461C64018B00322A6B /* Calculator */ = {
			isa = PBXNativeTarget;
			buildConfigurationList = 3639716F1C64018B00322A6B /* Build configuration list for PBXNativeTarget "Calculator" */;
			buildPhases = (
				363971431C64018B00322A6B /* Sources */,
				363971441C64018B00322A6B /* Frameworks */,
				363971451C64018B00322A6B /* Resources */,
			);
			buildRules = (
			);
			dependencies = (
			);
			name = Calculator;
			productName = Calculator;
			productReference = 363971471C64018B00322A6B /* Calculator.app */;
			productType = "com.apple.product-type.application";
		};
		3639715A1C64018B00322A6B /* CalculatorTests */ = {
			isa = PBXNativeTarget;
			buildConfigurationList = 363971721C64018B00322A6B /* Build configuration list for PBXNativeTarget "CalculatorTests" */;
			buildPhases = (
				363971571C64018B00322A6B /* Sources */,
				363971581C64018B00322A6B /* Frameworks */,
				363971591C64018B00322A6B /* Resources */,
			);
			buildRules = (
			);
			dependencies = (
				3639715D1C64018B00322A6B /* PBXTargetDependency */,
			);
			name = CalculatorTests;
			productName = CalculatorTests;
			productReference = 3639715B1C64018B00322A6B /* CalculatorTests.xctest */;
			productType = "com.apple.product-type.bundle.unit-test";
		};
		363971651C64018B00322A6B /* CalculatorUITests */ = {
			isa = PBXNativeTarget;
			buildConfigurationList = 363971751C64018B00322A6B /* Build configuration list for PBXNativeTarget "CalculatorUITests" */;
			buildPhases = (
				363971621C64018B00322A6B /* Sources */,
				363971631C64018B00322A6B /* Frameworks */,
				363971641C64018B00322A6B /* Resources */,
			);
			buildRules = (
			);
			dependencies = (
				363971681C64018B00322A6B /* PBXTargetDependency */,
			);
			name = CalculatorUITests;
			productName = CalculatorUITests;
			productReference = 363971661C64018B00322A6B /* CalculatorUITests.xctest */;
			productType = "com.apple.product-type.bundle.ui-testing";
		};
/* End PBXNativeTarget section */

/* Begin PBXProject section */
		3639713F1C64018B00322A6B /* Project object */ = {
			isa = PBXProject;
			attributes = {
				LastSwiftUpdateCheck = 0720;
				LastUpgradeCheck = 0720;
				ORGANIZATIONNAME = kaydot;
				TargetAttributes = {
					363971461C64018B00322A6B = {
						CreatedOnToolsVersion = 7.2;
						DevelopmentTeam = AQS9XPGKCF;
					};
					3639715A1C64018B00322A6B = {
						CreatedOnToolsVersion = 7.2;
						DevelopmentTeam = AQS9XPGKCF;
						TestTargetID = 363971461C64018B00322A6B;
					};
					363971651C64018B00322A6B = {
						CreatedOnToolsVersion = 7.2;
						DevelopmentTeam = AQS9XPGKCF;
						TestTargetID = 363971461C64018B00322A6B;
					};
				};
			};
			buildConfigurationList = 363971421C64018B00322A6B /* Build configuration list for PBXProject "Calculator" */;
			compatibilityVersion = "Xcode 3.2";
			developmentRegion = English;
			hasScannedForEncodings = 0;
			knownRegions = (
				en,
				Base,
			);
			mainGroup = 3639713E1C64018B00322A6B;
			productRefGroup = 363971481C64018B00322A6B /* Products */;
			projectDirPath = "";
			projectRoot = "";
			targets = (
				363971461C64018B00322A6B /* Calculator */,
				3639715A1C64018B00322A6B /* CalculatorTests */,
				363971651C64018B00322A6B /* CalculatorUITests */,
			);
		};
/* End PBXProject section */

/* Begin PBXResourcesBuildPhase section */
		363971451C64018B00322A6B /* Resources */ = {
			isa = PBXResourcesBuildPhase;
			buildActionMask = 2147483647;
			files = (
				363971551C64018B00322A6B /* LaunchScreen.storyboard in Resources */,
				363971521C64018B00322A6B /* Assets.xcassets in Resources */,
				363971501C64018B00322A6B /* Main.storyboard in Resources */,
			);
			runOnlyForDeploymentPostprocessing = 0;
		};
		363971591C64018B00322A6B /* Resources */ = {
			isa = PBXResourcesBuildPhase;
			buildActionMask = 2147483647;
			files = (
			);
			runOnlyForDeploymentPostprocessing = 0;
		};
		363971641C64018B00322A6B /* Resources */ = {
			isa = PBXResourcesBuildPhase;
			buildActionMask = 2147483647;
			files = (
			);
			runOnlyForDeploymentPostprocessing = 0;
		};
/* End PBXResourcesBuildPhase section */

/* Begin PBXSourcesBuildPhase section */
		363971431C64018B00322A6B /* Sources */ = {
			isa = PBXSourcesBuildPhase;
			buildActionMask = 2147483647;
			files = (
				3639714D1C64018B00322A6B /* ViewController.swift in Sources */,
				3639714B1C64018B00322A6B /* AppDelegate.swift in Sources */,
			);
			runOnlyForDeploymentPostprocessing = 0;
		};
		363971571C64018B00322A6B /* Sources */ = {
			isa = PBXSourcesBuildPhase;
			buildActionMask = 2147483647;
			files = (
				363971601C64018B00322A6B /* CalculatorTests.swift in Sources */,
			);
			runOnlyForDeploymentPostprocessing = 0;
		};
		363971621C64018B00322A6B /* Sources */ = {
			isa = PBXSourcesBuildPhase;
			buildActionMask = 2147483647;
			files = (
				3639716B1C64018B00322A6B /* CalculatorUITests.swift in Sources */,
			);
			runOnlyForDeploymentPostprocessing = 0;
		};
/* End PBXSourcesBuildPhase section */

/* Begin PBXTargetDependency section */
		3639715D1C64018B00322A6B /* PBXTargetDependency */ = {
			isa = PBXTargetDependency;
			target = 363971461C64018B00322A6B /* Calculator */;
			targetProxy = 3639715C1C64018B00322A6B /* PBXContainerItemProxy */;
		};
		363971681C64018B00322A6B /* PBXTargetDependency */ = {
			isa = PBXTargetDependency;
			target = 363971461C64018B00322A6B /* Calculator */;
			targetProxy = 363971671C64018B00322A6B /* PBXContainerItemProxy */;
		};
/* End PBXTargetDependency section */

/* Begin PBXVariantGroup section */
		3639714E1C64018B00322A6B /* Main.storyboard */ = {
			isa = PBXVariantGroup;
			children = (
				3639714F1C64018B00322A6B /* Base */,
			);
			name = Main.storyboard;
			sourceTree = "<group>";
		};
		363971531C64018B00322A6B /* LaunchScreen.storyboard */ = {
			isa = PBXVariantGroup;
			children = (
				363971541C64018B00322A6B /* Base */,
			);
			name = LaunchScreen.storyboard;
			sourceTree = "<group>";
		};
/* End PBXVariantGroup section */

/* Begin XCBuildConfiguration section */
		3639716D1C64018B00322A6B /* Debug */ = {
			isa = XCBuildConfiguration;
			buildSettings = {
				ALWAYS_SEARCH_USER_PATHS = NO;
				CLANG_CXX_LANGUAGE_STANDARD = "gnu++0x";
				CLANG_CXX_LIBRARY = "libc++";
				CLANG_ENABLE_MODULES = YES;
				CLANG_ENABLE_OBJC_ARC = YES;
				CLANG_WARN_BOOL_CONVERSION = YES;
				CLANG_WARN_CONSTANT_CONVERSION = YES;
				CLANG_WARN_DIRECT_OBJC_ISA_USAGE = YES_ERROR;
				CLANG_WARN_EMPTY_BODY = YES;
				CLANG_WARN_ENUM_CONVERSION = YES;
				CLANG_WARN_INT_CONVERSION = YES;
				CLANG_WARN_OBJC_ROOT_CLASS = YES_ERROR;
				CLANG_WARN_UNREACHABLE_CODE = YES;
				CLANG_WARN__DUPLICATE_METHOD_MATCH = YES;
				"CODE_SIGN_IDENTITY[sdk=iphoneos*]" = "iPhone Developer";
				COPY_PHASE_STRIP = NO;
				DEBUG_INFORMATION_FORMAT = dwarf;
				ENABLE_STRICT_OBJC_MSGSEND = YES;
				ENABLE_TESTABILITY = YES;
				GCC_C_LANGUAGE_STANDARD = gnu99;
				GCC_DYNAMIC_NO_PIC = NO;
				GCC_NO_COMMON_BLOCKS = YES;
				GCC_OPTIMIZATION_LEVEL = 0;
				GCC_PREPROCESSOR_DEFINITIONS = (
					"DEBUG=1",
					"$(inherited)",
				);
				GCC_WARN_64_TO_32_BIT_CONVERSION = YES;
				GCC_WARN_ABOUT_RETURN_TYPE = YES_ERROR;
				GCC_WARN_UNDECLARED_SELECTOR = YES;
				GCC_WARN_UNINITIALIZED_AUTOS = YES_AGGRESSIVE;
				GCC_WARN_UNUSED_FUNCTION = YES;
				GCC_WARN_UNUSED_VARIABLE = YES;
				IPHONEOS_DEPLOYMENT_TARGET = 9.2;
				MTL_ENABLE_DEBUG_INFO = YES;
				ONLY_ACTIVE_ARCH = YES;
				SDKROOT = iphoneos;
				SWIFT_OPTIMIZATION_LEVEL = "-Onone";
			};
			name = Debug;
		};
		3639716E1C64018B00322A6B /* Release */ = {
			isa = XCBuildConfiguration;
			buildSettings = {
				ALWAYS_SEARCH_USER_PATHS = NO;
				CLANG_CXX_LANGUAGE_STANDARD = "gnu++0x";
				CLANG_CXX_LIBRARY = "libc++";
				CLANG_ENABLE_MODULES = YES;
				CLANG_ENABLE_OBJC_ARC = YES;
				CLANG_WARN_BOOL_CONVERSION = YES;
				CLANG_WARN_CONSTANT_CONVERSION = YES;
				CLANG_WARN_DIRECT_OBJC_ISA_USAGE = YES_ERROR;
				CLANG_WARN_EMPTY_BODY = YES;
				CLANG_WARN_ENUM_CONVERSION = YES;
				CLANG_WARN_INT_CONVERSION = YES;
				CLANG_WARN_OBJC_ROOT_CLASS = YES_ERROR;
				CLANG_WARN_UNREACHABLE_CODE = YES;
				CLANG_WARN__DUPLICATE_METHOD_MATCH = YES;
				"CODE_SIGN_IDENTITY[sdk=iphoneos*]" = "iPhone Developer";
				COPY_PHASE_STRIP = NO;
				DEBUG_INFORMATION_FORMAT = "dwarf-with-dsym";
				ENABLE_NS_ASSERTIONS = NO;
				ENABLE_STRICT_OBJC_MSGSEND = YES;
				GCC_C_LANGUAGE_STANDARD = gnu99;
				GCC_NO_COMMON_BLOCKS = YES;
				GCC_WARN_64_TO_32_BIT_CONVERSION = YES;
				GCC_WARN_ABOUT_RETURN_TYPE = YES_ERROR;
				GCC_WARN_UNDECLARED_SELECTOR = YES;
				GCC_WARN_UNINITIALIZED_AUTOS = YES_AGGRESSIVE;
				GCC_WARN_UNUSED_FUNCTION = YES;
				GCC_WARN_UNUSED_VARIABLE = YES;
				IPHONEOS_DEPLOYMENT_TARGET = 9.2;
				MTL_ENABLE_DEBUG_INFO = NO;
				SDKROOT = iphoneos;
				VALIDATE_PRODUCT = YES;
			};
			name = Release;
		};
		363971701C64018B00322A6B /* Debug */ = {
			isa = XCBuildConfiguration;
			buildSettings = {
				ASSETCATALOG_COMPILER_APPICON_NAME = AppIcon;
				INFOPLIST_FILE = Calculator/Info.plist;
				LD_RUNPATH_SEARCH_PATHS = "$(inherited) @executable_path/Frameworks";
				PRODUCT_BUNDLE_IDENTIFIER = com.kaydot.Calculator;
				PRODUCT_NAME = "$(TARGET_NAME)";
			};
			name = Debug;
		};
		363971711C64018B00322A6B /* Release */ = {
			isa = XCBuildConfiguration;
			buildSettings = {
				ASSETCATALOG_COMPILER_APPICON_NAME = AppIcon;
				INFOPLIST_FILE = Calculator/Info.plist;
				LD_RUNPATH_SEARCH_PATHS = "$(inherited) @executable_path/Frameworks";
				PRODUCT_BUNDLE_IDENTIFIER = com.kaydot.Calculator;
				PRODUCT_NAME = "$(TARGET_NAME)";
			};
			name = Release;
		};
		363971731C64018B00322A6B /* Debug */ = {
			isa = XCBuildConfiguration;
			buildSettings = {
				BUNDLE_LOADER = "$(TEST_HOST)";
				INFOPLIST_FILE = CalculatorTests/Info.plist;
				LD_RUNPATH_SEARCH_PATHS = "$(inherited) @executable_path/Frameworks @loader_path/Frameworks";
				PRODUCT_BUNDLE_IDENTIFIER = com.kaydot.CalculatorTests;
				PRODUCT_NAME = "$(TARGET_NAME)";
				TEST_HOST = "$(BUILT_PRODUCTS_DIR)/Calculator.app/Calculator";
			};
			name = Debug;
		};
		363971741C64018B00322A6B /* Release */ = {
			isa = XCBuildConfiguration;
			buildSettings = {
				BUNDLE_LOADER = "$(TEST_HOST)";
				INFOPLIST_FILE = CalculatorTests/Info.plist;
				LD_RUNPATH_SEARCH_PATHS = "$(inherited) @executable_path/Frameworks @loader_path/Frameworks";
				PRODUCT_BUNDLE_IDENTIFIER = com.kaydot.CalculatorTests;
				PRODUCT_NAME = "$(TARGET_NAME)";
				TEST_HOST = "$(BUILT_PRODUCTS_DIR)/Calculator.app/Calculator";
			};
			name = Release;
		};
		363971761C64018B00322A6B /* Debug */ = {
			isa = XCBuildConfiguration;
			buildSettings = {
				INFOPLIST_FILE = CalculatorUITests/Info.plist;
				LD_RUNPATH_SEARCH_PATHS = "$(inherited) @executable_path/Frameworks @loader_path/Frameworks";
				PRODUCT_BUNDLE_IDENTIFIER = com.kaydot.CalculatorUITests;
				PRODUCT_NAME = "$(TARGET_NAME)";
				TEST_TARGET_NAME = Calculator;
				USES_XCTRUNNER = YES;
			};
			name = Debug;
		};
		363971771C64018B00322A6B /* Release */ = {
			isa = XCBuildConfiguration;
			buildSettings = {
				INFOPLIST_FILE = CalculatorUITests/Info.plist;
				LD_RUNPATH_SEARCH_PATHS = "$(inherited) @executable_path/Frameworks @loader_path/Frameworks";
				PRODUCT_BUNDLE_IDENTIFIER = com.kaydot.CalculatorUITests;
				PRODUCT_NAME = "$(TARGET_NAME)";
				TEST_TARGET_NAME = Calculator;
				USES_XCTRUNNER = YES;
			};
			name = Release;
		};
/* End XCBuildConfiguration section */

/* Begin XCConfigurationList section */
		363971421C64018B00322A6B /* Build configuration list for PBXProject "Calculator" */ = {
			isa = XCConfigurationList;
			buildConfigurations = (
				3639716D1C64018B00322A6B /* Debug */,
				3639716E1C64018B00322A6B /* Release */,
			);
			defaultConfigurationIsVisible = 0;
			defaultConfigurationName = Release;
		};
		3639716F1C64018B00322A6B /* Build configuration list for PBXNativeTarget "Calculator" */ = {
			isa = XCConfigurationList;
			buildConfigurations = (
				363971701C64018B00322A6B /* Debug */,
				363971711C64018B00322A6B /* Release */,
			);
			defaultConfigurationIsVisible = 0;
		};
		363971721C64018B00322A6B /* Build configuration list for PBXNativeTarget "CalculatorTests" */ = {
			isa = XCConfigurationList;
			buildConfigurations = (
				363971731C64018B00322A6B /* Debug */,
				363971741C64018B00322A6B /* Release */,
			);
			defaultConfigurationIsVisible = 0;
		};
		363971751C64018B00322A6B /* Build configuration list for PBXNativeTarget "CalculatorUITests" */ = {
			isa = XCConfigurationList;
			buildConfigurations = (
				363971761C64018B00322A6B /* Debug */,
				363971771C64018B00322A6B /* Release */,
			);
			defaultConfigurationIsVisible = 0;
		};
/* End XCConfigurationList section */
	};
	rootObject = 3639713F1C64018B00322A6B /* Project object */;
}
